
Microsoft Visual Studio Solution File, Format Version 12.00
# Visual Studio 15
VisualStudioVersion = 15.0.27428.2002
MinimumVisualStudioVersion = 10.0.40219.1
Project("{FAE04EC0-301F-11D3-BF4B-00C04F79EFBC}") = "ConsoleApp26", "ConsoleApp26\ConsoleApp26.csproj", "{01105A19-D0E0-46BB-9EDB-87436612380A}"
EndProject
Global
	GlobalSection(SolutionConfigurationPlatforms) = preSolution
		Debug|Any CPU = Debug|Any CPU
		Release|Any CPU = Release|Any CPU
	EndGlobalSection
	GlobalSection(ProjectConfigurationPlatforms) = postSolution
		{01105A19-D0E0-46BB-9EDB-87436612380A}.Debug|Any CPU.ActiveCfg = Debug|Any CPU
		{01105A19-D0E0-46BB-9EDB-87436612380A}.Debug|Any CPU.Build.0 = Debug|Any CPU
		{01105A19-D0E0-46BB-9EDB-87436612380A}.Release|Any CPU.ActiveCfg = Release|Any CPU
		{01105A19-D0E0-46BB-9EDB-87436612380A}.Release|Any CPU.Build.0 = Release|Any CPU
	EndGlobalSection
	GlobalSection(SolutionProperties) = preSolution
		HideSolutionNode = FALSE
	EndGlobalSection
	GlobalSection(ExtensibilityGlobals) = postSolution
		SolutionGuid = {5C182DC6-6603-48BA-9B72-A320025D878F}
	EndGlobalSection
EndGlobal
